
Microsoft Visual Studio Solution File, Format Version 12.00
# Visual Studio Version 16
VisualStudioVersion = 16.0.29709.97
MinimumVisualStudioVersion = 10.0.40219.1
Project("{FAE04EC0-301F-11D3-BF4B-00C04F79EFBC}") = "UserInputSofiaChumpitazi", "UserInputSofiaChumpitazi.csproj", "{0FFC834B-5393-443C-84D2-C2D69F05EE6D}"
EndProject
Global
	GlobalSection(SolutionConfigurationPlatforms) = preSolution
		Debug|Any CPU = Debug|Any CPU
		Release|Any CPU = Release|Any CPU
	EndGlobalSection
	GlobalSection(ProjectConfigurationPlatforms) = postSolution
		{0FFC834B-5393-443C-84D2-C2D69F05EE6D}.Debug|Any CPU.ActiveCfg = Debug|Any CPU
		{0FFC834B-5393-443C-84D2-C2D69F05EE6D}.Debug|Any CPU.Build.0 = Debug|Any CPU
		{0FFC834B-5393-443C-84D2-C2D69F05EE6D}.Release|Any CPU.ActiveCfg = Release|Any CPU
		{0FFC834B-5393-443C-84D2-C2D69F05EE6D}.Release|Any CPU.Build.0 = Release|Any CPU
	EndGlobalSection
	GlobalSection(SolutionProperties) = preSolution
		HideSolutionNode = FALSE
	EndGlobalSection
	GlobalSection(ExtensibilityGlobals) = postSolution
		SolutionGuid = {EAD8A78A-3B44-4A0B-9940-D7CE4BD5B998}
	EndGlobalSection
EndGlobal
